// !$*UTF8*$!
{
	archiveVersion = 1;
	classes = {
	};
	objectVersion = 46;
	objects = {

/* Begin PBXBuildFile section */
		4C1B70051ABFB84900267E49 /* main.m in Sources */ = {isa = PBXBuildFile; fileRef = 4C1B70041ABFB84900267E49 /* main.m */; };
		4C1B70081ABFB84900267E49 /* AppDelegate.m in Sources */ = {isa = PBXBuildFile; fileRef = 4C1B70071ABFB84900267E49 /* AppDelegate.m */; };
		4C1B700B1ABFB84900267E49 /* ViewController.m in Sources */ = {isa = PBXBuildFile; fileRef = 4C1B700A1ABFB84900267E49 /* ViewController.m */; };
		4C1B700E1ABFB84900267E49 /* Main.storyboard in Resources */ = {isa = PBXBuildFile; fileRef = 4C1B700C1ABFB84900267E49 /* Main.storyboard */; };
		4C1B70101ABFB84900267E49 /* Images.xcassets in Resources */ = {isa = PBXBuildFile; fileRef = 4C1B700F1ABFB84900267E49 /* Images.xcassets */; };
		4C1B70131ABFB84900267E49 /* LaunchScreen.xib in Resources */ = {isa = PBXBuildFile; fileRef = 4C1B70111ABFB84900267E49 /* LaunchScreen.xib */; };
		4C1B701F1ABFB84900267E49 /* _DBSmartCameraDemoTests.m in Sources */ = {isa = PBXBuildFile; fileRef = 4C1B701E1ABFB84900267E49 /* _DBSmartCameraDemoTests.m */; };
/* End PBXBuildFile section */

/* Begin PBXContainerItemProxy section */
		4C1B70191ABFB84900267E49 /* PBXContainerItemProxy */ = {
			isa = PBXContainerItemProxy;
			containerPortal = 4C1B6FF71ABFB84900267E49 /* Project object */;
			proxyType = 1;
			remoteGlobalIDString = 4C1B6FFE1ABFB84900267E49;
			remoteInfo = 3DBSmartCameraDemo;
		};
/* End PBXContainerItemProxy section */

/* Begin PBXFileReference section */
		4C1B6FFF1ABFB84900267E49 /* 3DBSmartCameraDemo.app */ = {isa = PBXFileReference; explicitFileType = wrapper.application; includeInIndex = 0; path = 3DBSmartCameraDemo.app; sourceTree = BUILT_PRODUCTS_DIR; };
		4C1B70031ABFB84900267E49 /* Info.plist */ = {isa = PBXFileReference; lastKnownFileType = text.plist.xml; path = Info.plist; sourceTree = "<group>"; };
		4C1B70041ABFB84900267E49 /* main.m */ = {isa = PBXFileReference; lastKnownFileType = sourcecode.c.objc; path = main.m; sourceTree = "<group>"; };
		4C1B70061ABFB84900267E49 /* AppDelegate.h */ = {isa = PBXFileReference; lastKnownFileType = sourcecode.c.h; path = AppDelegate.h; sourceTree = "<group>"; };
		4C1B70071ABFB84900267E49 /* AppDelegate.m */ = {isa = PBXFileReference; lastKnownFileType = sourcecode.c.objc; path = AppDelegate.m; sourceTree = "<group>"; };
		4C1B70091ABFB84900267E49 /* ViewController.h */ = {isa = PBXFileReference; lastKnownFileType = sourcecode.c.h; path = ViewController.h; sourceTree = "<group>"; };
		4C1B700A1ABFB84900267E49 /* ViewController.m */ = {isa = PBXFileReference; lastKnownFileType = sourcecode.c.objc; path = ViewController.m; sourceTree = "<group>"; };
		4C1B700D1ABFB84900267E49 /* Base */ = {isa = PBXFileReference; lastKnownFileType = file.storyboard; name = Base; path = Base.lproj/Main.storyboard; sourceTree = "<group>"; };
		4C1B700F1ABFB84900267E49 /* Images.xcassets */ = {isa = PBXFileReference; lastKnownFileType = folder.assetcatalog; path = Images.xcassets; sourceTree = "<group>"; };
		4C1B70121ABFB84900267E49 /* Base */ = {isa = PBXFileReference; lastKnownFileType = file.xib; name = Base; path = Base.lproj/LaunchScreen.xib; sourceTree = "<group>"; };
		4C1B70181ABFB84900267E49 /* 3DBSmartCameraDemoTests.xctest */ = {isa = PBXFileReference; explicitFileType = wrapper.cfbundle; includeInIndex = 0; path = 3DBSmartCameraDemoTests.xctest; sourceTree = BUILT_PRODUCTS_DIR; };
		4C1B701D1ABFB84900267E49 /* Info.plist */ = {isa = PBXFileReference; lastKnownFileType = text.plist.xml; path = Info.plist; sourceTree = "<group>"; };
		4C1B701E1ABFB84900267E49 /* _DBSmartCameraDemoTests.m */ = {isa = PBXFileReference; lastKnownFileType = sourcecode.c.objc; path = _DBSmartCameraDemoTests.m; sourceTree = "<group>"; };
/* End PBXFileReference section */

/* Begin PBXFrameworksBuildPhase section */
		4C1B6FFC1ABFB84900267E49 /* Frameworks */ = {
			isa = PBXFrameworksBuildPhase;
			buildActionMask = 2147483647;
			files = (
			);
			runOnlyForDeploymentPostprocessing = 0;
		};
		4C1B70151ABFB84900267E49 /* Frameworks */ = {
			isa = PBXFrameworksBuildPhase;
			buildActionMask = 2147483647;
			files = (
			);
			runOnlyForDeploymentPostprocessing = 0;
		};
/* End PBXFrameworksBuildPhase section */

/* Begin PBXGroup section */
		4C1B6FF61ABFB84900267E49 = {
			isa = PBXGroup;
			children = (
				4C1B70011ABFB84900267E49 /* 3DBSmartCameraDemo */,
				4C1B701B1ABFB84900267E49 /* 3DBSmartCameraDemoTests */,
				4C1B70001ABFB84900267E49 /* Products */,
			);
			sourceTree = "<group>";
		};
		4C1B70001ABFB84900267E49 /* Products */ = {
			isa = PBXGroup;
			children = (
				4C1B6FFF1ABFB84900267E49 /* 3DBSmartCameraDemo.app */,
				4C1B70181ABFB84900267E49 /* 3DBSmartCameraDemoTests.xctest */,
			);
			name = Products;
			sourceTree = "<group>";
		};
		4C1B70011ABFB84900267E49 /* 3DBSmartCameraDemo */ = {
			isa = PBXGroup;
			children = (
				4C1B70061ABFB84900267E49 /* AppDelegate.h */,
				4C1B70071ABFB84900267E49 /* AppDelegate.m */,
				4C1B70091ABFB84900267E49 /* ViewController.h */,
				4C1B700A1ABFB84900267E49 /* ViewController.m */,
				4C1B700C1ABFB84900267E49 /* Main.storyboard */,
				4C1B700F1ABFB84900267E49 /* Images.xcassets */,
				4C1B70111ABFB84900267E49 /* LaunchScreen.xib */,
				4C1B70021ABFB84900267E49 /* Supporting Files */,
			);
			path = 3DBSmartCameraDemo;
			sourceTree = "<group>";
		};
		4C1B70021ABFB84900267E49 /* Supporting Files */ = {
			isa = PBXGroup;
			children = (
				4C1B70031ABFB84900267E49 /* Info.plist */,
				4C1B70041ABFB84900267E49 /* main.m */,
			);
			name = "Supporting Files";
			sourceTree = "<group>";
		};
		4C1B701B1ABFB84900267E49 /* 3DBSmartCameraDemoTests */ = {
			isa = PBXGroup;
			children = (
				4C1B701E1ABFB84900267E49 /* _DBSmartCameraDemoTests.m */,
				4C1B701C1ABFB84900267E49 /* Supporting Files */,
			);
			path = 3DBSmartCameraDemoTests;
			sourceTree = "<group>";
		};
		4C1B701C1ABFB84900267E49 /* Supporting Files */ = {
			isa = PBXGroup;
			children = (
				4C1B701D1ABFB84900267E49 /* Info.plist */,
			);
			name = "Supporting Files";
			sourceTree = "<group>";
		};
/* End PBXGroup section */

/* Begin PBXNativeTarget section */
		4C1B6FFE1ABFB84900267E49 /* 3DBSmartCameraDemo */ = {
			isa = PBXNativeTarget;
			buildConfigurationList = 4C1B70221ABFB84900267E49 /* Build configuration list for PBXNativeTarget "3DBSmartCameraDemo" */;
			buildPhases = (
				4C1B6FFB1ABFB84900267E49 /* Sources */,
				4C1B6FFC1ABFB84900267E49 /* Frameworks */,
				4C1B6FFD1ABFB84900267E49 /* Resources */,
			);
			buildRules = (
			);
			dependencies = (
			);
			name = 3DBSmartCameraDemo;
			productName = 3DBSmartCameraDemo;
			productReference = 4C1B6FFF1ABFB84900267E49 /* 3DBSmartCameraDemo.app */;
			productType = "com.apple.product-type.application";
		};
		4C1B70171ABFB84900267E49 /* 3DBSmartCameraDemoTests */ = {
			isa = PBXNativeTarget;
			buildConfigurationList = 4C1B70251ABFB84900267E49 /* Build configuration list for PBXNativeTarget "3DBSmartCameraDemoTests" */;
			buildPhases = (
				4C1B70141ABFB84900267E49 /* Sources */,
				4C1B70151ABFB84900267E49 /* Frameworks */,
				4C1B70161ABFB84900267E49 /* Resources */,
			);
			buildRules = (
			);
			dependencies = (
				4C1B701A1ABFB84900267E49 /* PBXTargetDependency */,
			);
			name = 3DBSmartCameraDemoTests;
			productName = 3DBSmartCameraDemoTests;
			productReference = 4C1B70181ABFB84900267E49 /* 3DBSmartCameraDemoTests.xctest */;
			productType = "com.apple.product-type.bundle.unit-test";
		};
/* End PBXNativeTarget section */

/* Begin PBXProject section */
		4C1B6FF71ABFB84900267E49 /* Project object */ = {
			isa = PBXProject;
			attributes = {
				LastUpgradeCheck = 0620;
				ORGANIZATIONNAME = 3DB;
				TargetAttributes = {
					4C1B6FFE1ABFB84900267E49 = {
						CreatedOnToolsVersion = 6.2;
					};
					4C1B70171ABFB84900267E49 = {
						CreatedOnToolsVersion = 6.2;
						TestTargetID = 4C1B6FFE1ABFB84900267E49;
					};
				};
			};
			buildConfigurationList = 4C1B6FFA1ABFB84900267E49 /* Build configuration list for PBXProject "3DBSmartCameraDemo" */;
			compatibilityVersion = "Xcode 3.2";
			developmentRegion = English;
			hasScannedForEncodings = 0;
			knownRegions = (
				en,
				Base,
			);
			mainGroup = 4C1B6FF61ABFB84900267E49;
			productRefGroup = 4C1B70001ABFB84900267E49 /* Products */;
			projectDirPath = "";
			projectRoot = "";
			targets = (
				4C1B6FFE1ABFB84900267E49 /* 3DBSmartCameraDemo */,
				4C1B70171ABFB84900267E49 /* 3DBSmartCameraDemoTests */,
			);
		};
/* End PBXProject section */

/* Begin PBXResourcesBuildPhase section */
		4C1B6FFD1ABFB84900267E49 /* Resources */ = {
			isa = PBXResourcesBuildPhase;
			buildActionMask = 2147483647;
			files = (
				4C1B700E1ABFB84900267E49 /* Main.storyboard in Resources */,
				4C1B70131ABFB84900267E49 /* LaunchScreen.xib in Resources */,
				4C1B70101ABFB84900267E49 /* Images.xcassets in Resources */,
			);
			runOnlyForDeploymentPostprocessing = 0;
		};
		4C1B70161ABFB84900267E49 /* Resources */ = {
			isa = PBXResourcesBuildPhase;
			buildActionMask = 2147483647;
			files = (
			);
			runOnlyForDeploymentPostprocessing = 0;
		};
/* End PBXResourcesBuildPhase section */

/* Begin PBXSourcesBuildPhase section */
		4C1B6FFB1ABFB84900267E49 /* Sources */ = {
			isa = PBXSourcesBuildPhase;
			buildActionMask = 2147483647;
			files = (
				4C1B700B1ABFB84900267E49 /* ViewController.m in Sources */,
				4C1B70081ABFB84900267E49 /* AppDelegate.m in Sources */,
				4C1B70051ABFB84900267E49 /* main.m in Sources */,
			);
			runOnlyForDeploymentPostprocessing = 0;
		};
		4C1B70141ABFB84900267E49 /* Sources */ = {
			isa = PBXSourcesBuildPhase;
			buildActionMask = 2147483647;
			files = (
				4C1B701F1ABFB84900267E49 /* _DBSmartCameraDemoTests.m in Sources */,
			);
			runOnlyForDeploymentPostprocessing = 0;
		};
/* End PBXSourcesBuildPhase section */

/* Begin PBXTargetDependency section */
		4C1B701A1ABFB84900267E49 /* PBXTargetDependency */ = {
			isa = PBXTargetDependency;
			target = 4C1B6FFE1ABFB84900267E49 /* 3DBSmartCameraDemo */;
			targetProxy = 4C1B70191ABFB84900267E49 /* PBXContainerItemProxy */;
		};
/* End PBXTargetDependency section */

/* Begin PBXVariantGroup section */
		4C1B700C1ABFB84900267E49 /* Main.storyboard */ = {
			isa = PBXVariantGroup;
			children = (
				4C1B700D1ABFB84900267E49 /* Base */,
			);
			name = Main.storyboard;
			sourceTree = "<group>";
		};
		4C1B70111ABFB84900267E49 /* LaunchScreen.xib */ = {
			isa = PBXVariantGroup;
			children = (
				4C1B70121ABFB84900267E49 /* Base */,
			);
			name = LaunchScreen.xib;
			sourceTree = "<group>";
		};
/* End PBXVariantGroup section */

/* Begin XCBuildConfiguration section */
		4C1B70201ABFB84900267E49 /* Debug */ = {
			isa = XCBuildConfiguration;
			buildSettings = {
				ALWAYS_SEARCH_USER_PATHS = NO;
				CLANG_CXX_LANGUAGE_STANDARD = "gnu++0x";
				CLANG_CXX_LIBRARY = "libc++";
				CLANG_ENABLE_MODULES = YES;
				CLANG_ENABLE_OBJC_ARC = YES;
				CLANG_WARN_BOOL_CONVERSION = YES;
				CLANG_WARN_CONSTANT_CONVERSION = YES;
				CLANG_WARN_DIRECT_OBJC_ISA_USAGE = YES_ERROR;
				CLANG_WARN_EMPTY_BODY = YES;
				CLANG_WARN_ENUM_CONVERSION = YES;
				CLANG_WARN_INT_CONVERSION = YES;
				CLANG_WARN_OBJC_ROOT_CLASS = YES_ERROR;
				CLANG_WARN_UNREACHABLE_CODE = YES;
				CLANG_WARN__DUPLICATE_METHOD_MATCH = YES;
				"CODE_SIGN_IDENTITY[sdk=iphoneos*]" = "iPhone Developer";
				COPY_PHASE_STRIP = NO;
				ENABLE_STRICT_OBJC_MSGSEND = YES;
				GCC_C_LANGUAGE_STANDARD = gnu99;
				GCC_DYNAMIC_NO_PIC = NO;
				GCC_OPTIMIZATION_LEVEL = 0;
				GCC_PREPROCESSOR_DEFINITIONS = (
					"DEBUG=1",
					"$(inherited)",
				);
				GCC_SYMBOLS_PRIVATE_EXTERN = NO;
				GCC_WARN_64_TO_32_BIT_CONVERSION = YES;
				GCC_WARN_ABOUT_RETURN_TYPE = YES_ERROR;
				GCC_WARN_UNDECLARED_SELECTOR = YES;
				GCC_WARN_UNINITIALIZED_AUTOS = YES_AGGRESSIVE;
				GCC_WARN_UNUSED_FUNCTION = YES;
				GCC_WARN_UNUSED_VARIABLE = YES;
				IPHONEOS_DEPLOYMENT_TARGET = 8.2;
				MTL_ENABLE_DEBUG_INFO = YES;
				ONLY_ACTIVE_ARCH = YES;
				SDKROOT = iphoneos;
			};
			name = Debug;
		};
		4C1B70211ABFB84900267E49 /* Release */ = {
			isa = XCBuildConfiguration;
			buildSettings = {
				ALWAYS_SEARCH_USER_PATHS = NO;
				CLANG_CXX_LANGUAGE_STANDARD = "gnu++0x";
				CLANG_CXX_LIBRARY = "libc++";
				CLANG_ENABLE_MODULES = YES;
				CLANG_ENABLE_OBJC_ARC = YES;
				CLANG_WARN_BOOL_CONVERSION = YES;
				CLANG_WARN_CONSTANT_CONVERSION = YES;
				CLANG_WARN_DIRECT_OBJC_ISA_USAGE = YES_ERROR;
				CLANG_WARN_EMPTY_BODY = YES;
				CLANG_WARN_ENUM_CONVERSION = YES;
				CLANG_WARN_INT_CONVERSION = YES;
				CLANG_WARN_OBJC_ROOT_CLASS = YES_ERROR;
				CLANG_WARN_UNREACHABLE_CODE = YES;
				CLANG_WARN__DUPLICATE_METHOD_MATCH = YES;
				"CODE_SIGN_IDENTITY[sdk=iphoneos*]" = "iPhone Developer";
				COPY_PHASE_STRIP = NO;
				ENABLE_NS_ASSERTIONS = NO;
				ENABLE_STRICT_OBJC_MSGSEND = YES;
				GCC_C_LANGUAGE_STANDARD = gnu99;
				GCC_WARN_64_TO_32_BIT_CONVERSION = YES;
				GCC_WARN_ABOUT_RETURN_TYPE = YES_ERROR;
				GCC_WARN_UNDECLARED_SELECTOR = YES;
				GCC_WARN_UNINITIALIZED_AUTOS = YES_AGGRESSIVE;
				GCC_WARN_UNUSED_FUNCTION = YES;
				GCC_WARN_UNUSED_VARIABLE = YES;
				IPHONEOS_DEPLOYMENT_TARGET = 8.2;
				MTL_ENABLE_DEBUG_INFO = NO;
				SDKROOT = iphoneos;
				VALIDATE_PRODUCT = YES;
			};
			name = Release;
		};
		4C1B70231ABFB84900267E49 /* Debug */ = {
			isa = XCBuildConfiguration;
			buildSettings = {
				ASSETCATALOG_COMPILER_APPICON_NAME = AppIcon;
				INFOPLIST_FILE = 3DBSmartCameraDemo/Info.plist;
				LD_RUNPATH_SEARCH_PATHS = "$(inherited) @executable_path/Frameworks";
				PRODUCT_NAME = "$(TARGET_NAME)";
			};
			name = Debug;
		};
		4C1B70241ABFB84900267E49 /* Release */ = {
			isa = XCBuildConfiguration;
			buildSettings = {
				ASSETCATALOG_COMPILER_APPICON_NAME = AppIcon;
				INFOPLIST_FILE = 3DBSmartCameraDemo/Info.plist;
				LD_RUNPATH_SEARCH_PATHS = "$(inherited) @executable_path/Frameworks";
				PRODUCT_NAME = "$(TARGET_NAME)";
			};
			name = Release;
		};
		4C1B70261ABFB84900267E49 /* Debug */ = {
			isa = XCBuildConfiguration;
			buildSettings = {
				BUNDLE_LOADER = "$(TEST_HOST)";
				FRAMEWORK_SEARCH_PATHS = (
					"$(SDKROOT)/Developer/Library/Frameworks",
					"$(inherited)",
				);
				GCC_PREPROCESSOR_DEFINITIONS = (
					"DEBUG=1",
					"$(inherited)",
				);
				INFOPLIST_FILE = 3DBSmartCameraDemoTests/Info.plist;
				LD_RUNPATH_SEARCH_PATHS = "$(inherited) @executable_path/Frameworks @loader_path/Frameworks";
				PRODUCT_NAME = "$(TARGET_NAME)";
				TEST_HOST = "$(BUILT_PRODUCTS_DIR)/3DBSmartCameraDemo.app/3DBSmartCameraDemo";
			};
			name = Debug;
		};
		4C1B70271ABFB84900267E49 /* Release */ = {
			isa = XCBuildConfiguration;
			buildSettings = {
				BUNDLE_LOADER = "$(TEST_HOST)";
				FRAMEWORK_SEARCH_PATHS = (
					"$(SDKROOT)/Developer/Library/Frameworks",
					"$(inherited)",
				);
				INFOPLIST_FILE = 3DBSmartCameraDemoTests/Info.plist;
				LD_RUNPATH_SEARCH_PATHS = "$(inherited) @executable_path/Frameworks @loader_path/Frameworks";
				PRODUCT_NAME = "$(TARGET_NAME)";
				TEST_HOST = "$(BUILT_PRODUCTS_DIR)/3DBSmartCameraDemo.app/3DBSmartCameraDemo";
			};
			name = Release;
		};
/* End XCBuildConfiguration section */

/* Begin XCConfigurationList section */
		4C1B6FFA1ABFB84900267E49 /* Build configuration list for PBXProject "3DBSmartCameraDemo" */ = {
			isa = XCConfigurationList;
			buildConfigurations = (
				4C1B70201ABFB84900267E49 /* Debug */,
				4C1B70211ABFB84900267E49 /* Release */,
			);
			defaultConfigurationIsVisible = 0;
			defaultConfigurationName = Release;
		};
		4C1B70221ABFB84900267E49 /* Build configuration list for PBXNativeTarget "3DBSmartCameraDemo" */ = {
			isa = XCConfigurationList;
			buildConfigurations = (
				4C1B70231ABFB84900267E49 /* Debug */,
				4C1B70241ABFB84900267E49 /* Release */,
			);
			defaultConfigurationIsVisible = 0;
		};
		4C1B70251ABFB84900267E49 /* Build configuration list for PBXNativeTarget "3DBSmartCameraDemoTests" */ = {
			isa = XCConfigurationList;
			buildConfigurations = (
				4C1B70261ABFB84900267E49 /* Debug */,
				4C1B70271ABFB84900267E49 /* Release */,
			);
			defaultConfigurationIsVisible = 0;
		};
/* End XCConfigurationList section */
	};
	rootObject = 4C1B6FF71ABFB84900267E49 /* Project object */;
}
